
Microsoft Visual Studio Solution File, Format Version 12.00
# Visual Studio Version 17
VisualStudioVersion = 17.0.31903.59
MinimumVisualStudioVersion = 10.0.40219.1
Project("{FAE04EC0-301F-11D3-BF4B-00C04F79EFBC}") = "TaskManagerMain", "TaskManagerMain\TaskManagerMain.csproj", "{C4A4041B-8F13-4BAB-BDDC-678D08141865}"
EndProject
Project("{FAE04EC0-301F-11D3-BF4B-00C04F79EFBC}") = "DatahandlerClass", "DatahandlerClass\DatahandlerClass.csproj", "{597E5286-24EB-42EC-A744-6CFA083D6D5C}"
EndProject
Project("{FAE04EC0-301F-11D3-BF4B-00C04F79EFBC}") = "TaskClass", "TaskClass\TaskClass.csproj", "{49779120-99C8-4B0E-85A5-7466C8FED231}"
EndProject
Project("{FAE04EC0-301F-11D3-BF4B-00C04F79EFBC}") = "TaskOperation", "TaskOperation\TaskOperation.csproj", "{9B61E2E6-FE20-4DE0-A9CE-53BE7519F46A}"
EndProject
Global
	GlobalSection(SolutionConfigurationPlatforms) = preSolution
		Debug|Any CPU = Debug|Any CPU
		Release|Any CPU = Release|Any CPU
	EndGlobalSection
	GlobalSection(SolutionProperties) = preSolution
		HideSolutionNode = FALSE
	EndGlobalSection
	GlobalSection(ProjectConfigurationPlatforms) = postSolution
		{C4A4041B-8F13-4BAB-BDDC-678D08141865}.Debug|Any CPU.ActiveCfg = Debug|Any CPU
		{C4A4041B-8F13-4BAB-BDDC-678D08141865}.Debug|Any CPU.Build.0 = Debug|Any CPU
		{C4A4041B-8F13-4BAB-BDDC-678D08141865}.Release|Any CPU.ActiveCfg = Release|Any CPU
		{C4A4041B-8F13-4BAB-BDDC-678D08141865}.Release|Any CPU.Build.0 = Release|Any CPU
		{597E5286-24EB-42EC-A744-6CFA083D6D5C}.Debug|Any CPU.ActiveCfg = Debug|Any CPU
		{597E5286-24EB-42EC-A744-6CFA083D6D5C}.Debug|Any CPU.Build.0 = Debug|Any CPU
		{597E5286-24EB-42EC-A744-6CFA083D6D5C}.Release|Any CPU.ActiveCfg = Release|Any CPU
		{597E5286-24EB-42EC-A744-6CFA083D6D5C}.Release|Any CPU.Build.0 = Release|Any CPU
		{49779120-99C8-4B0E-85A5-7466C8FED231}.Debug|Any CPU.ActiveCfg = Debug|Any CPU
		{49779120-99C8-4B0E-85A5-7466C8FED231}.Debug|Any CPU.Build.0 = Debug|Any CPU
		{49779120-99C8-4B0E-85A5-7466C8FED231}.Release|Any CPU.ActiveCfg = Release|Any CPU
		{49779120-99C8-4B0E-85A5-7466C8FED231}.Release|Any CPU.Build.0 = Release|Any CPU
		{9B61E2E6-FE20-4DE0-A9CE-53BE7519F46A}.Debug|Any CPU.ActiveCfg = Debug|Any CPU
		{9B61E2E6-FE20-4DE0-A9CE-53BE7519F46A}.Debug|Any CPU.Build.0 = Debug|Any CPU
		{9B61E2E6-FE20-4DE0-A9CE-53BE7519F46A}.Release|Any CPU.ActiveCfg = Release|Any CPU
		{9B61E2E6-FE20-4DE0-A9CE-53BE7519F46A}.Release|Any CPU.Build.0 = Release|Any CPU
	EndGlobalSection
EndGlobal
